// !$*UTF8*$!
{
	archiveVersion = 1;
	classes = {
	};
	objectVersion = 77;
	objects = {

/* Begin PBXContainerItemProxy section */
		B37E8FCC2DF8D507004E59F4 /* PBXContainerItemProxy */ = {
			isa = PBXContainerItemProxy;
			containerPortal = B37E8FB62DF8D503004E59F4 /* Project object */;
			proxyType = 1;
			remoteGlobalIDString = B37E8FBD2DF8D503004E59F4;
			remoteInfo = DandDMonsters;
		};
		B37E8FD62DF8D507004E59F4 /* PBXContainerItemProxy */ = {
			isa = PBXContainerItemProxy;
			containerPortal = B37E8FB62DF8D503004E59F4 /* Project object */;
			proxyType = 1;
			remoteGlobalIDString = B37E8FBD2DF8D503004E59F4;
			remoteInfo = DandDMonsters;
		};
/* End PBXContainerItemProxy section */

/* Begin PBXFileReference section */
		B37E8FBE2DF8D503004E59F4 /* DandDMonsters.app */ = {isa = PBXFileReference; explicitFileType = wrapper.application; includeInIndex = 0; path = DandDMonsters.app; sourceTree = BUILT_PRODUCTS_DIR; };
		B37E8FCB2DF8D507004E59F4 /* DandDMonstersTests.xctest */ = {isa = PBXFileReference; explicitFileType = wrapper.cfbundle; includeInIndex = 0; path = DandDMonstersTests.xctest; sourceTree = BUILT_PRODUCTS_DIR; };
		B37E8FD52DF8D507004E59F4 /* DandDMonstersUITests.xctest */ = {isa = PBXFileReference; explicitFileType = wrapper.cfbundle; includeInIndex = 0; path = DandDMonstersUITests.xctest; sourceTree = BUILT_PRODUCTS_DIR; };
/* End PBXFileReference section */

/* Begin PBXFileSystemSynchronizedRootGroup section */
		B37E8FC02DF8D503004E59F4 /* DandDMonsters */ = {
			isa = PBXFileSystemSynchronizedRootGroup;
			path = DandDMonsters;
			sourceTree = "<group>";
		};
		B37E8FCE2DF8D507004E59F4 /* DandDMonstersTests */ = {
			isa = PBXFileSystemSynchronizedRootGroup;
			path = DandDMonstersTests;
			sourceTree = "<group>";
		};
		B37E8FD82DF8D507004E59F4 /* DandDMonstersUITests */ = {
			isa = PBXFileSystemSynchronizedRootGroup;
			path = DandDMonstersUITests;
			sourceTree = "<group>";
		};
/* End PBXFileSystemSynchronizedRootGroup section */

/* Begin PBXFrameworksBuildPhase section */
		B37E8FBB2DF8D503004E59F4 /* Frameworks */ = {
			isa = PBXFrameworksBuildPhase;
			buildActionMask = 2147483647;
			files = (
			);
			runOnlyForDeploymentPostprocessing = 0;
		};
		B37E8FC82DF8D507004E59F4 /* Frameworks */ = {
			isa = PBXFrameworksBuildPhase;
			buildActionMask = 2147483647;
			files = (
			);
			runOnlyForDeploymentPostprocessing = 0;
		};
		B37E8FD22DF8D507004E59F4 /* Frameworks */ = {
			isa = PBXFrameworksBuildPhase;
			buildActionMask = 2147483647;
			files = (
			);
			runOnlyForDeploymentPostprocessing = 0;
		};
/* End PBXFrameworksBuildPhase section */

/* Begin PBXGroup section */
		B37E8FB52DF8D503004E59F4 = {
			isa = PBXGroup;
			children = (
				B37E8FC02DF8D503004E59F4 /* DandDMonsters */,
				B37E8FCE2DF8D507004E59F4 /* DandDMonstersTests */,
				B37E8FD82DF8D507004E59F4 /* DandDMonstersUITests */,
				B37E8FBF2DF8D503004E59F4 /* Products */,
			);
			sourceTree = "<group>";
		};
		B37E8FBF2DF8D503004E59F4 /* Products */ = {
			isa = PBXGroup;
			children = (
				B37E8FBE2DF8D503004E59F4 /* DandDMonsters.app */,
				B37E8FCB2DF8D507004E59F4 /* DandDMonstersTests.xctest */,
				B37E8FD52DF8D507004E59F4 /* DandDMonstersUITests.xctest */,
			);
			name = Products;
			sourceTree = "<group>";
		};
/* End PBXGroup section */

/* Begin PBXNativeTarget section */
		B37E8FBD2DF8D503004E59F4 /* DandDMonsters */ = {
			isa = PBXNativeTarget;
			buildConfigurationList = B37E8FDF2DF8D507004E59F4 /* Build configuration list for PBXNativeTarget "DandDMonsters" */;
			buildPhases = (
				B37E8FBA2DF8D503004E59F4 /* Sources */,
				B37E8FBB2DF8D503004E59F4 /* Frameworks */,
				B37E8FBC2DF8D503004E59F4 /* Resources */,
			);
			buildRules = (
			);
			dependencies = (
			);
			fileSystemSynchronizedGroups = (
				B37E8FC02DF8D503004E59F4 /* DandDMonsters */,
			);
			name = DandDMonsters;
			packageProductDependencies = (
			);
			productName = DandDMonsters;
			productReference = B37E8FBE2DF8D503004E59F4 /* DandDMonsters.app */;
			productType = "com.apple.product-type.application";
		};
		B37E8FCA2DF8D507004E59F4 /* DandDMonstersTests */ = {
			isa = PBXNativeTarget;
			buildConfigurationList = B37E8FE22DF8D507004E59F4 /* Build configuration list for PBXNativeTarget "DandDMonstersTests" */;
			buildPhases = (
				B37E8FC72DF8D507004E59F4 /* Sources */,
				B37E8FC82DF8D507004E59F4 /* Frameworks */,
				B37E8FC92DF8D507004E59F4 /* Resources */,
			);
			buildRules = (
			);
			dependencies = (
				B37E8FCD2DF8D507004E59F4 /* PBXTargetDependency */,
			);
			fileSystemSynchronizedGroups = (
				B37E8FCE2DF8D507004E59F4 /* DandDMonstersTests */,
			);
			name = DandDMonstersTests;
			packageProductDependencies = (
			);
			productName = DandDMonstersTests;
			productReference = B37E8FCB2DF8D507004E59F4 /* DandDMonstersTests.xctest */;
			productType = "com.apple.product-type.bundle.unit-test";
		};
		B37E8FD42DF8D507004E59F4 /* DandDMonstersUITests */ = {
			isa = PBXNativeTarget;
			buildConfigurationList = B37E8FE52DF8D507004E59F4 /* Build configuration list for PBXNativeTarget "DandDMonstersUITests" */;
			buildPhases = (
				B37E8FD12DF8D507004E59F4 /* Sources */,
				B37E8FD22DF8D507004E59F4 /* Frameworks */,
				B37E8FD32DF8D507004E59F4 /* Resources */,
			);
			buildRules = (
			);
			dependencies = (
				B37E8FD72DF8D507004E59F4 /* PBXTargetDependency */,
			);
			fileSystemSynchronizedGroups = (
				B37E8FD82DF8D507004E59F4 /* DandDMonstersUITests */,
			);
			name = DandDMonstersUITests;
			packageProductDependencies = (
			);
			productName = DandDMonstersUITests;
			productReference = B37E8FD52DF8D507004E59F4 /* DandDMonstersUITests.xctest */;
			productType = "com.apple.product-type.bundle.ui-testing";
		};
/* End PBXNativeTarget section */

/* Begin PBXProject section */
		B37E8FB62DF8D503004E59F4 /* Project object */ = {
			isa = PBXProject;
			attributes = {
				BuildIndependentTargetsInParallel = 1;
				LastSwiftUpdateCheck = 1640;
				LastUpgradeCheck = 1640;
				TargetAttributes = {
					B37E8FBD2DF8D503004E59F4 = {
						CreatedOnToolsVersion = 16.4;
					};
					B37E8FCA2DF8D507004E59F4 = {
						CreatedOnToolsVersion = 16.4;
						TestTargetID = B37E8FBD2DF8D503004E59F4;
					};
					B37E8FD42DF8D507004E59F4 = {
						CreatedOnToolsVersion = 16.4;
						TestTargetID = B37E8FBD2DF8D503004E59F4;
					};
				};
			};
			buildConfigurationList = B37E8FB92DF8D503004E59F4 /* Build configuration list for PBXProject "DandDMonsters" */;
			developmentRegion = en;
			hasScannedForEncodings = 0;
			knownRegions = (
				en,
				Base,
			);
			mainGroup = B37E8FB52DF8D503004E59F4;
			minimizedProjectReferenceProxies = 1;
			preferredProjectObjectVersion = 77;
			productRefGroup = B37E8FBF2DF8D503004E59F4 /* Products */;
			projectDirPath = "";
			projectRoot = "";
			targets = (
				B37E8FBD2DF8D503004E59F4 /* DandDMonsters */,
				B37E8FCA2DF8D507004E59F4 /* DandDMonstersTests */,
				B37E8FD42DF8D507004E59F4 /* DandDMonstersUITests */,
			);
		};
/* End PBXProject section */

/* Begin PBXResourcesBuildPhase section */
		B37E8FBC2DF8D503004E59F4 /* Resources */ = {
			isa = PBXResourcesBuildPhase;
			buildActionMask = 2147483647;
			files = (
			);
			runOnlyForDeploymentPostprocessing = 0;
		};
		B37E8FC92DF8D507004E59F4 /* Resources */ = {
			isa = PBXResourcesBuildPhase;
			buildActionMask = 2147483647;
			files = (
			);
			runOnlyForDeploymentPostprocessing = 0;
		};
		B37E8FD32DF8D507004E59F4 /* Resources */ = {
			isa = PBXResourcesBuildPhase;
			buildActionMask = 2147483647;
			files = (
			);
			runOnlyForDeploymentPostprocessing = 0;
		};
/* End PBXResourcesBuildPhase section */

/* Begin PBXSourcesBuildPhase section */
		B37E8FBA2DF8D503004E59F4 /* Sources */ = {
			isa = PBXSourcesBuildPhase;
			buildActionMask = 2147483647;
			files = (
			);
			runOnlyForDeploymentPostprocessing = 0;
		};
		B37E8FC72DF8D507004E59F4 /* Sources */ = {
			isa = PBXSourcesBuildPhase;
			buildActionMask = 2147483647;
			files = (
			);
			runOnlyForDeploymentPostprocessing = 0;
		};
		B37E8FD12DF8D507004E59F4 /* Sources */ = {
			isa = PBXSourcesBuildPhase;
			buildActionMask = 2147483647;
			files = (
			);
			runOnlyForDeploymentPostprocessing = 0;
		};
/* End PBXSourcesBuildPhase section */

/* Begin PBXTargetDependency section */
		B37E8FCD2DF8D507004E59F4 /* PBXTargetDependency */ = {
			isa = PBXTargetDependency;
			target = B37E8FBD2DF8D503004E59F4 /* DandDMonsters */;
			targetProxy = B37E8FCC2DF8D507004E59F4 /* PBXContainerItemProxy */;
		};
		B37E8FD72DF8D507004E59F4 /* PBXTargetDependency */ = {
			isa = PBXTargetDependency;
			target = B37E8FBD2DF8D503004E59F4 /* DandDMonsters */;
			targetProxy = B37E8FD62DF8D507004E59F4 /* PBXContainerItemProxy */;
		};
/* End PBXTargetDependency section */

/* Begin XCBuildConfiguration section */
		B37E8FDD2DF8D507004E59F4 /* Debug */ = {
			isa = XCBuildConfiguration;
			buildSettings = {
				ALWAYS_SEARCH_USER_PATHS = NO;
				ASSETCATALOG_COMPILER_GENERATE_SWIFT_ASSET_SYMBOL_EXTENSIONS = YES;
				CLANG_ANALYZER_NONNULL = YES;
				CLANG_ANALYZER_NUMBER_OBJECT_CONVERSION = YES_AGGRESSIVE;
				CLANG_CXX_LANGUAGE_STANDARD = "gnu++20";
				CLANG_ENABLE_MODULES = YES;
				CLANG_ENABLE_OBJC_ARC = YES;
				CLANG_ENABLE_OBJC_WEAK = YES;
				CLANG_WARN_BLOCK_CAPTURE_AUTORELEASING = YES;
				CLANG_WARN_BOOL_CONVERSION = YES;
				CLANG_WARN_COMMA = YES;
				CLANG_WARN_CONSTANT_CONVERSION = YES;
				CLANG_WARN_DEPRECATED_OBJC_IMPLEMENTATIONS = YES;
				CLANG_WARN_DIRECT_OBJC_ISA_USAGE = YES_ERROR;
				CLANG_WARN_DOCUMENTATION_COMMENTS = YES;
				CLANG_WARN_EMPTY_BODY = YES;
				CLANG_WARN_ENUM_CONVERSION = YES;
				CLANG_WARN_INFINITE_RECURSION = YES;
				CLANG_WARN_INT_CONVERSION = YES;
				CLANG_WARN_NON_LITERAL_NULL_CONVERSION = YES;
				CLANG_WARN_OBJC_IMPLICIT_RETAIN_SELF = YES;
				CLANG_WARN_OBJC_LITERAL_CONVERSION = YES;
				CLANG_WARN_OBJC_ROOT_CLASS = YES_ERROR;
				CLANG_WARN_QUOTED_INCLUDE_IN_FRAMEWORK_HEADER = YES;
				CLANG_WARN_RANGE_LOOP_ANALYSIS = YES;
				CLANG_WARN_STRICT_PROTOTYPES = YES;
				CLANG_WARN_SUSPICIOUS_MOVE = YES;
				CLANG_WARN_UNGUARDED_AVAILABILITY = YES_AGGRESSIVE;
				CLANG_WARN_UNREACHABLE_CODE = YES;
				CLANG_WARN__DUPLICATE_METHOD_MATCH = YES;
				COPY_PHASE_STRIP = NO;
				DEBUG_INFORMATION_FORMAT = dwarf;
				DEVELOPMENT_TEAM = P8H8N95LKS;
				ENABLE_STRICT_OBJC_MSGSEND = YES;
				ENABLE_TESTABILITY = YES;
				ENABLE_USER_SCRIPT_SANDBOXING = YES;
				GCC_C_LANGUAGE_STANDARD = gnu17;
				GCC_DYNAMIC_NO_PIC = NO;
				GCC_NO_COMMON_BLOCKS = YES;
				GCC_OPTIMIZATION_LEVEL = 0;
				GCC_PREPROCESSOR_DEFINITIONS = (
					"DEBUG=1",
					"$(inherited)",
				);
				GCC_WARN_64_TO_32_BIT_CONVERSION = YES;
				GCC_WARN_ABOUT_RETURN_TYPE = YES_ERROR;
				GCC_WARN_UNDECLARED_SELECTOR = YES;
				GCC_WARN_UNINITIALIZED_AUTOS = YES_AGGRESSIVE;
				GCC_WARN_UNUSED_FUNCTION = YES;
				GCC_WARN_UNUSED_VARIABLE = YES;
				IPHONEOS_DEPLOYMENT_TARGET = 18.5;
				LOCALIZATION_PREFERS_STRING_CATALOGS = YES;
				MTL_ENABLE_DEBUG_INFO = INCLUDE_SOURCE;
				MTL_FAST_MATH = YES;
				ONLY_ACTIVE_ARCH = YES;
				SDKROOT = iphoneos;
				SWIFT_ACTIVE_COMPILATION_CONDITIONS = "DEBUG $(inherited)";
				SWIFT_OPTIMIZATION_LEVEL = "-Onone";
			};
			name = Debug;
		};
		B37E8FDE2DF8D507004E59F4 /* Release */ = {
			isa = XCBuildConfiguration;
			buildSettings = {
				ALWAYS_SEARCH_USER_PATHS = NO;
				ASSETCATALOG_COMPILER_GENERATE_SWIFT_ASSET_SYMBOL_EXTENSIONS = YES;
				CLANG_ANALYZER_NONNULL = YES;
				CLANG_ANALYZER_NUMBER_OBJECT_CONVERSION = YES_AGGRESSIVE;
				CLANG_CXX_LANGUAGE_STANDARD = "gnu++20";
				CLANG_ENABLE_MODULES = YES;
				CLANG_ENABLE_OBJC_ARC = YES;
				CLANG_ENABLE_OBJC_WEAK = YES;
				CLANG_WARN_BLOCK_CAPTURE_AUTORELEASING = YES;
				CLANG_WARN_BOOL_CONVERSION = YES;
				CLANG_WARN_COMMA = YES;
				CLANG_WARN_CONSTANT_CONVERSION = YES;
				CLANG_WARN_DEPRECATED_OBJC_IMPLEMENTATIONS = YES;
				CLANG_WARN_DIRECT_OBJC_ISA_USAGE = YES_ERROR;
				CLANG_WARN_DOCUMENTATION_COMMENTS = YES;
				CLANG_WARN_EMPTY_BODY = YES;
				CLANG_WARN_ENUM_CONVERSION = YES;
				CLANG_WARN_INFINITE_RECURSION = YES;
				CLANG_WARN_INT_CONVERSION = YES;
				CLANG_WARN_NON_LITERAL_NULL_CONVERSION = YES;
				CLANG_WARN_OBJC_IMPLICIT_RETAIN_SELF = YES;
				CLANG_WARN_OBJC_LITERAL_CONVERSION = YES;
				CLANG_WARN_OBJC_ROOT_CLASS = YES_ERROR;
				CLANG_WARN_QUOTED_INCLUDE_IN_FRAMEWORK_HEADER = YES;
				CLANG_WARN_RANGE_LOOP_ANALYSIS = YES;
				CLANG_WARN_STRICT_PROTOTYPES = YES;
				CLANG_WARN_SUSPICIOUS_MOVE = YES;
				CLANG_WARN_UNGUARDED_AVAILABILITY = YES_AGGRESSIVE;
				CLANG_WARN_UNREACHABLE_CODE = YES;
				CLANG_WARN__DUPLICATE_METHOD_MATCH = YES;
				COPY_PHASE_STRIP = NO;
				DEBUG_INFORMATION_FORMAT = "dwarf-with-dsym";
				DEVELOPMENT_TEAM = P8H8N95LKS;
				ENABLE_NS_ASSERTIONS = NO;
				ENABLE_STRICT_OBJC_MSGSEND = YES;
				ENABLE_USER_SCRIPT_SANDBOXING = YES;
				GCC_C_LANGUAGE_STANDARD = gnu17;
				GCC_NO_COMMON_BLOCKS = YES;
				GCC_WARN_64_TO_32_BIT_CONVERSION = YES;
				GCC_WARN_ABOUT_RETURN_TYPE = YES_ERROR;
				GCC_WARN_UNDECLARED_SELECTOR = YES;
				GCC_WARN_UNINITIALIZED_AUTOS = YES_AGGRESSIVE;
				GCC_WARN_UNUSED_FUNCTION = YES;
				GCC_WARN_UNUSED_VARIABLE = YES;
				IPHONEOS_DEPLOYMENT_TARGET = 18.5;
				LOCALIZATION_PREFERS_STRING_CATALOGS = YES;
				MTL_ENABLE_DEBUG_INFO = NO;
				MTL_FAST_MATH = YES;
				SDKROOT = iphoneos;
				SWIFT_COMPILATION_MODE = wholemodule;
				VALIDATE_PRODUCT = YES;
			};
			name = Release;
		};
		B37E8FE02DF8D507004E59F4 /* Debug */ = {
			isa = XCBuildConfiguration;
			buildSettings = {
				ASSETCATALOG_COMPILER_APPICON_NAME = AppIcon;
				ASSETCATALOG_COMPILER_GLOBAL_ACCENT_COLOR_NAME = AccentColor;
				CODE_SIGN_STYLE = Automatic;
				CURRENT_PROJECT_VERSION = 1;
				DEVELOPMENT_TEAM = P8H8N95LKS;
				ENABLE_PREVIEWS = YES;
				GENERATE_INFOPLIST_FILE = YES;
				INFOPLIST_KEY_UIApplicationSceneManifest_Generation = YES;
				INFOPLIST_KEY_UIApplicationSupportsIndirectInputEvents = YES;
				INFOPLIST_KEY_UILaunchScreen_Generation = YES;
				INFOPLIST_KEY_UISupportedInterfaceOrientations_iPad = "UIInterfaceOrientationPortrait UIInterfaceOrientationPortraitUpsideDown UIInterfaceOrientationLandscapeLeft UIInterfaceOrientationLandscapeRight";
				INFOPLIST_KEY_UISupportedInterfaceOrientations_iPhone = "UIInterfaceOrientationPortrait UIInterfaceOrientationLandscapeLeft UIInterfaceOrientationLandscapeRight";
				LD_RUNPATH_SEARCH_PATHS = (
					"$(inherited)",
					"@executable_path/Frameworks",
				);
				MARKETING_VERSION = 1.0;
				PRODUCT_BUNDLE_IDENTIFIER = com.lifecoachfaq.DandDMonsters;
				PRODUCT_NAME = "$(TARGET_NAME)";
				SWIFT_EMIT_LOC_STRINGS = YES;
				SWIFT_VERSION = 5.0;
				TARGETED_DEVICE_FAMILY = "1,2";
			};
			name = Debug;
		};
		B37E8FE12DF8D507004E59F4 /* Release */ = {
			isa = XCBuildConfiguration;
			buildSettings = {
				ASSETCATALOG_COMPILER_APPICON_NAME = AppIcon;
				ASSETCATALOG_COMPILER_GLOBAL_ACCENT_COLOR_NAME = AccentColor;
				CODE_SIGN_STYLE = Automatic;
				CURRENT_PROJECT_VERSION = 1;
				DEVELOPMENT_TEAM = P8H8N95LKS;
				ENABLE_PREVIEWS = YES;
				GENERATE_INFOPLIST_FILE = YES;
				INFOPLIST_KEY_UIApplicationSceneManifest_Generation = YES;
				INFOPLIST_KEY_UIApplicationSupportsIndirectInputEvents = YES;
				INFOPLIST_KEY_UILaunchScreen_Generation = YES;
				INFOPLIST_KEY_UISupportedInterfaceOrientations_iPad = "UIInterfaceOrientationPortrait UIInterfaceOrientationPortraitUpsideDown UIInterfaceOrientationLandscapeLeft UIInterfaceOrientationLandscapeRight";
				INFOPLIST_KEY_UISupportedInterfaceOrientations_iPhone = "UIInterfaceOrientationPortrait UIInterfaceOrientationLandscapeLeft UIInterfaceOrientationLandscapeRight";
				LD_RUNPATH_SEARCH_PATHS = (
					"$(inherited)",
					"@executable_path/Frameworks",
				);
				MARKETING_VERSION = 1.0;
				PRODUCT_BUNDLE_IDENTIFIER = com.lifecoachfaq.DandDMonsters;
				PRODUCT_NAME = "$(TARGET_NAME)";
				SWIFT_EMIT_LOC_STRINGS = YES;
				SWIFT_VERSION = 5.0;
				TARGETED_DEVICE_FAMILY = "1,2";
			};
			name = Release;
		};
		B37E8FE32DF8D507004E59F4 /* Debug */ = {
			isa = XCBuildConfiguration;
			buildSettings = {
				BUNDLE_LOADER = "$(TEST_HOST)";
				CODE_SIGN_STYLE = Automatic;
				CURRENT_PROJECT_VERSION = 1;
				DEVELOPMENT_TEAM = P8H8N95LKS;
				GENERATE_INFOPLIST_FILE = YES;
				IPHONEOS_DEPLOYMENT_TARGET = 18.5;
				MARKETING_VERSION = 1.0;
				PRODUCT_BUNDLE_IDENTIFIER = com.lifecoachfaq.DandDMonstersTests;
				PRODUCT_NAME = "$(TARGET_NAME)";
				SWIFT_EMIT_LOC_STRINGS = NO;
				SWIFT_VERSION = 5.0;
				TARGETED_DEVICE_FAMILY = "1,2";
				TEST_HOST = "$(BUILT_PRODUCTS_DIR)/DandDMonsters.app/$(BUNDLE_EXECUTABLE_FOLDER_PATH)/DandDMonsters";
			};
			name = Debug;
		};
		B37E8FE42DF8D507004E59F4 /* Release */ = {
			isa = XCBuildConfiguration;
			buildSettings = {
				BUNDLE_LOADER = "$(TEST_HOST)";
				CODE_SIGN_STYLE = Automatic;
				CURRENT_PROJECT_VERSION = 1;
				DEVELOPMENT_TEAM = P8H8N95LKS;
				GENERATE_INFOPLIST_FILE = YES;
				IPHONEOS_DEPLOYMENT_TARGET = 18.5;
				MARKETING_VERSION = 1.0;
				PRODUCT_BUNDLE_IDENTIFIER = com.lifecoachfaq.DandDMonstersTests;
				PRODUCT_NAME = "$(TARGET_NAME)";
				SWIFT_EMIT_LOC_STRINGS = NO;
				SWIFT_VERSION = 5.0;
				TARGETED_DEVICE_FAMILY = "1,2";
				TEST_HOST = "$(BUILT_PRODUCTS_DIR)/DandDMonsters.app/$(BUNDLE_EXECUTABLE_FOLDER_PATH)/DandDMonsters";
			};
			name = Release;
		};
		B37E8FE62DF8D507004E59F4 /* Debug */ = {
			isa = XCBuildConfiguration;
			buildSettings = {
				CODE_SIGN_STYLE = Automatic;
				CURRENT_PROJECT_VERSION = 1;
				DEVELOPMENT_TEAM = P8H8N95LKS;
				GENERATE_INFOPLIST_FILE = YES;
				MARKETING_VERSION = 1.0;
				PRODUCT_BUNDLE_IDENTIFIER = com.lifecoachfaq.DandDMonstersUITests;
				PRODUCT_NAME = "$(TARGET_NAME)";
				SWIFT_EMIT_LOC_STRINGS = NO;
				SWIFT_VERSION = 5.0;
				TARGETED_DEVICE_FAMILY = "1,2";
				TEST_TARGET_NAME = DandDMonsters;
			};
			name = Debug;
		};
		B37E8FE72DF8D507004E59F4 /* Release */ = {
			isa = XCBuildConfiguration;
			buildSettings = {
				CODE_SIGN_STYLE = Automatic;
				CURRENT_PROJECT_VERSION = 1;
				DEVELOPMENT_TEAM = P8H8N95LKS;
				GENERATE_INFOPLIST_FILE = YES;
				MARKETING_VERSION = 1.0;
				PRODUCT_BUNDLE_IDENTIFIER = com.lifecoachfaq.DandDMonstersUITests;
				PRODUCT_NAME = "$(TARGET_NAME)";
				SWIFT_EMIT_LOC_STRINGS = NO;
				SWIFT_VERSION = 5.0;
				TARGETED_DEVICE_FAMILY = "1,2";
				TEST_TARGET_NAME = DandDMonsters;
			};
			name = Release;
		};
/* End XCBuildConfiguration section */

/* Begin XCConfigurationList section */
		B37E8FB92DF8D503004E59F4 /* Build configuration list for PBXProject "DandDMonsters" */ = {
			isa = XCConfigurationList;
			buildConfigurations = (
				B37E8FDD2DF8D507004E59F4 /* Debug */,
				B37E8FDE2DF8D507004E59F4 /* Release */,
			);
			defaultConfigurationIsVisible = 0;
			defaultConfigurationName = Release;
		};
		B37E8FDF2DF8D507004E59F4 /* Build configuration list for PBXNativeTarget "DandDMonsters" */ = {
			isa = XCConfigurationList;
			buildConfigurations = (
				B37E8FE02DF8D507004E59F4 /* Debug */,
				B37E8FE12DF8D507004E59F4 /* Release */,
			);
			defaultConfigurationIsVisible = 0;
			defaultConfigurationName = Release;
		};
		B37E8FE22DF8D507004E59F4 /* Build configuration list for PBXNativeTarget "DandDMonstersTests" */ = {
			isa = XCConfigurationList;
			buildConfigurations = (
				B37E8FE32DF8D507004E59F4 /* Debug */,
				B37E8FE42DF8D507004E59F4 /* Release */,
			);
			defaultConfigurationIsVisible = 0;
			defaultConfigurationName = Release;
		};
		B37E8FE52DF8D507004E59F4 /* Build configuration list for PBXNativeTarget "DandDMonstersUITests" */ = {
			isa = XCConfigurationList;
			buildConfigurations = (
				B37E8FE62DF8D507004E59F4 /* Debug */,
				B37E8FE72DF8D507004E59F4 /* Release */,
			);
			defaultConfigurationIsVisible = 0;
			defaultConfigurationName = Release;
		};
/* End XCConfigurationList section */
	};
	rootObject = B37E8FB62DF8D503004E59F4 /* Project object */;
}
